// !$*UTF8*$!
{
	archiveVersion = 1;
	classes = {
	};
	objectVersion = 56;
	objects = {

/* Begin PBXBuildFile section */
		57DD96EE257749E03BDB31D4 /* Pods_ios_test_shturkhal.framework in Frameworks */ = {isa = PBXBuildFile; fileRef = AB16859FBE243CB89E2A6934 /* Pods_ios_test_shturkhal.framework */; };
		7BEAFDDF2C149CFE006C9B5D /* ios_test_shturkhalApp.swift in Sources */ = {isa = PBXBuildFile; fileRef = 7BEAFDDE2C149CFE006C9B5D /* ios_test_shturkhalApp.swift */; };
		7BEAFDE12C149CFE006C9B5D /* ContentView.swift in Sources */ = {isa = PBXBuildFile; fileRef = 7BEAFDE02C149CFE006C9B5D /* ContentView.swift */; };
		7BEAFDE32C149D00006C9B5D /* Assets.xcassets in Resources */ = {isa = PBXBuildFile; fileRef = 7BEAFDE22C149D00006C9B5D /* Assets.xcassets */; };
		7BEAFDE62C149D00006C9B5D /* Preview Assets.xcassets in Resources */ = {isa = PBXBuildFile; fileRef = 7BEAFDE52C149D00006C9B5D /* Preview Assets.xcassets */; };
		7BEAFDE82C149D00006C9B5D /* Persistence.swift in Sources */ = {isa = PBXBuildFile; fileRef = 7BEAFDE72C149D00006C9B5D /* Persistence.swift */; };
		7BEAFDEB2C149D00006C9B5D /* ios_test_shturkhal.xcdatamodeld in Sources */ = {isa = PBXBuildFile; fileRef = 7BEAFDE92C149D00006C9B5D /* ios_test_shturkhal.xcdatamodeld */; };
/* End PBXBuildFile section */

/* Begin PBXFileReference section */
		7284E4CC5A6E7254B82D4B4A /* Pods-ios_test_shturkhal.release.xcconfig */ = {isa = PBXFileReference; includeInIndex = 1; lastKnownFileType = text.xcconfig; name = "Pods-ios_test_shturkhal.release.xcconfig"; path = "Target Support Files/Pods-ios_test_shturkhal/Pods-ios_test_shturkhal.release.xcconfig"; sourceTree = "<group>"; };
		7BEAFDDB2C149CFE006C9B5D /* ios_test_shturkhal.app */ = {isa = PBXFileReference; explicitFileType = wrapper.application; includeInIndex = 0; path = ios_test_shturkhal.app; sourceTree = BUILT_PRODUCTS_DIR; };
		7BEAFDDE2C149CFE006C9B5D /* ios_test_shturkhalApp.swift */ = {isa = PBXFileReference; lastKnownFileType = sourcecode.swift; path = ios_test_shturkhalApp.swift; sourceTree = "<group>"; };
		7BEAFDE02C149CFE006C9B5D /* ContentView.swift */ = {isa = PBXFileReference; lastKnownFileType = sourcecode.swift; path = ContentView.swift; sourceTree = "<group>"; };
		7BEAFDE22C149D00006C9B5D /* Assets.xcassets */ = {isa = PBXFileReference; lastKnownFileType = folder.assetcatalog; path = Assets.xcassets; sourceTree = "<group>"; };
		7BEAFDE52C149D00006C9B5D /* Preview Assets.xcassets */ = {isa = PBXFileReference; lastKnownFileType = folder.assetcatalog; path = "Preview Assets.xcassets"; sourceTree = "<group>"; };
		7BEAFDE72C149D00006C9B5D /* Persistence.swift */ = {isa = PBXFileReference; lastKnownFileType = sourcecode.swift; path = Persistence.swift; sourceTree = "<group>"; };
		7BEAFDEA2C149D00006C9B5D /* ios_test_shturkhal.xcdatamodel */ = {isa = PBXFileReference; lastKnownFileType = wrapper.xcdatamodel; path = ios_test_shturkhal.xcdatamodel; sourceTree = "<group>"; };
		94E997EE2CAEB51F002F4E1B /* Pods-ios_test_shturkhal.debug.xcconfig */ = {isa = PBXFileReference; includeInIndex = 1; lastKnownFileType = text.xcconfig; name = "Pods-ios_test_shturkhal.debug.xcconfig"; path = "Target Support Files/Pods-ios_test_shturkhal/Pods-ios_test_shturkhal.debug.xcconfig"; sourceTree = "<group>"; };
		AB16859FBE243CB89E2A6934 /* Pods_ios_test_shturkhal.framework */ = {isa = PBXFileReference; explicitFileType = wrapper.framework; includeInIndex = 0; path = Pods_ios_test_shturkhal.framework; sourceTree = BUILT_PRODUCTS_DIR; };
/* End PBXFileReference section */

/* Begin PBXFrameworksBuildPhase section */
		7BEAFDD82C149CFE006C9B5D /* Frameworks */ = {
			isa = PBXFrameworksBuildPhase;
			buildActionMask = 2147483647;
			files = (
				57DD96EE257749E03BDB31D4 /* Pods_ios_test_shturkhal.framework in Frameworks */,
			);
			runOnlyForDeploymentPostprocessing = 0;
		};
/* End PBXFrameworksBuildPhase section */

/* Begin PBXGroup section */
		06B674FD992AF54AF27593DC /* Frameworks */ = {
			isa = PBXGroup;
			children = (
				AB16859FBE243CB89E2A6934 /* Pods_ios_test_shturkhal.framework */,
			);
			name = Frameworks;
			sourceTree = "<group>";
		};
		7BEAFDD22C149CFE006C9B5D = {
			isa = PBXGroup;
			children = (
				7BEAFDDD2C149CFE006C9B5D /* ios_test_shturkhal */,
				7BEAFDDC2C149CFE006C9B5D /* Products */,
				D7E4DB5B2DDF1D7E921DC6C8 /* Pods */,
				06B674FD992AF54AF27593DC /* Frameworks */,
			);
			sourceTree = "<group>";
		};
		7BEAFDDC2C149CFE006C9B5D /* Products */ = {
			isa = PBXGroup;
			children = (
				7BEAFDDB2C149CFE006C9B5D /* ios_test_shturkhal.app */,
			);
			name = Products;
			sourceTree = "<group>";
		};
		7BEAFDDD2C149CFE006C9B5D /* ios_test_shturkhal */ = {
			isa = PBXGroup;
			children = (
				7BEAFDDE2C149CFE006C9B5D /* ios_test_shturkhalApp.swift */,
				7BEAFDE02C149CFE006C9B5D /* ContentView.swift */,
				7BEAFDE22C149D00006C9B5D /* Assets.xcassets */,
				7BEAFDE72C149D00006C9B5D /* Persistence.swift */,
				7BEAFDE92C149D00006C9B5D /* ios_test_shturkhal.xcdatamodeld */,
				7BEAFDE42C149D00006C9B5D /* Preview Content */,
			);
			path = ios_test_shturkhal;
			sourceTree = "<group>";
		};
		7BEAFDE42C149D00006C9B5D /* Preview Content */ = {
			isa = PBXGroup;
			children = (
				7BEAFDE52C149D00006C9B5D /* Preview Assets.xcassets */,
			);
			path = "Preview Content";
			sourceTree = "<group>";
		};
		D7E4DB5B2DDF1D7E921DC6C8 /* Pods */ = {
			isa = PBXGroup;
			children = (
				94E997EE2CAEB51F002F4E1B /* Pods-ios_test_shturkhal.debug.xcconfig */,
				7284E4CC5A6E7254B82D4B4A /* Pods-ios_test_shturkhal.release.xcconfig */,
			);
			name = Pods;
			path = Pods;
			sourceTree = "<group>";
		};
/* End PBXGroup section */

/* Begin PBXNativeTarget section */
		7BEAFDDA2C149CFE006C9B5D /* ios_test_shturkhal */ = {
			isa = PBXNativeTarget;
			buildConfigurationList = 7BEAFDEE2C149D00006C9B5D /* Build configuration list for PBXNativeTarget "ios_test_shturkhal" */;
			buildPhases = (
				2515A2F58524F3E27789A04B /* [CP] Check Pods Manifest.lock */,
				7BEAFDD72C149CFE006C9B5D /* Sources */,
				7BEAFDD82C149CFE006C9B5D /* Frameworks */,
				7BEAFDD92C149CFE006C9B5D /* Resources */,
				B66C74F6D4CBF3D10C99E555 /* [CP] Embed Pods Frameworks */,
			);
			buildRules = (
			);
			dependencies = (
			);
			name = ios_test_shturkhal;
			productName = ios_test_shturkhal;
			productReference = 7BEAFDDB2C149CFE006C9B5D /* ios_test_shturkhal.app */;
			productType = "com.apple.product-type.application";
		};
/* End PBXNativeTarget section */

/* Begin PBXProject section */
		7BEAFDD32C149CFE006C9B5D /* Project object */ = {
			isa = PBXProject;
			attributes = {
				BuildIndependentTargetsInParallel = 1;
				LastSwiftUpdateCheck = 1540;
				LastUpgradeCheck = 1540;
				TargetAttributes = {
					7BEAFDDA2C149CFE006C9B5D = {
						CreatedOnToolsVersion = 15.4;
					};
				};
			};
			buildConfigurationList = 7BEAFDD62C149CFE006C9B5D /* Build configuration list for PBXProject "ios_test_shturkhal" */;
			compatibilityVersion = "Xcode 14.0";
			developmentRegion = en;
			hasScannedForEncodings = 0;
			knownRegions = (
				en,
				Base,
			);
			mainGroup = 7BEAFDD22C149CFE006C9B5D;
			productRefGroup = 7BEAFDDC2C149CFE006C9B5D /* Products */;
			projectDirPath = "";
			projectRoot = "";
			targets = (
				7BEAFDDA2C149CFE006C9B5D /* ios_test_shturkhal */,
			);
		};
/* End PBXProject section */

/* Begin PBXResourcesBuildPhase section */
		7BEAFDD92C149CFE006C9B5D /* Resources */ = {
			isa = PBXResourcesBuildPhase;
			buildActionMask = 2147483647;
			files = (
				7BEAFDE62C149D00006C9B5D /* Preview Assets.xcassets in Resources */,
				7BEAFDE32C149D00006C9B5D /* Assets.xcassets in Resources */,
			);
			runOnlyForDeploymentPostprocessing = 0;
		};
/* End PBXResourcesBuildPhase section */

/* Begin PBXShellScriptBuildPhase section */
		2515A2F58524F3E27789A04B /* [CP] Check Pods Manifest.lock */ = {
			isa = PBXShellScriptBuildPhase;
			buildActionMask = 2147483647;
			files = (
			);
			inputFileListPaths = (
			);
			inputPaths = (
				"${PODS_PODFILE_DIR_PATH}/Podfile.lock",
				"${PODS_ROOT}/Manifest.lock",
			);
			name = "[CP] Check Pods Manifest.lock";
			outputFileListPaths = (
			);
			outputPaths = (
				"$(DERIVED_FILE_DIR)/Pods-ios_test_shturkhal-checkManifestLockResult.txt",
			);
			runOnlyForDeploymentPostprocessing = 0;
			shellPath = /bin/sh;
			shellScript = "diff \"${PODS_PODFILE_DIR_PATH}/Podfile.lock\" \"${PODS_ROOT}/Manifest.lock\" > /dev/null\nif [ $? != 0 ] ; then\n    # print error to STDERR\n    echo \"error: The sandbox is not in sync with the Podfile.lock. Run 'pod install' or update your CocoaPods installation.\" >&2\n    exit 1\nfi\n# This output is used by Xcode 'outputs' to avoid re-running this script phase.\necho \"SUCCESS\" > \"${SCRIPT_OUTPUT_FILE_0}\"\n";
			showEnvVarsInLog = 0;
		};
		B66C74F6D4CBF3D10C99E555 /* [CP] Embed Pods Frameworks */ = {
			isa = PBXShellScriptBuildPhase;
			buildActionMask = 2147483647;
			files = (
			);
			inputFileListPaths = (
				"${PODS_ROOT}/Target Support Files/Pods-ios_test_shturkhal/Pods-ios_test_shturkhal-frameworks-${CONFIGURATION}-input-files.xcfilelist",
			);
			name = "[CP] Embed Pods Frameworks";
			outputFileListPaths = (
				"${PODS_ROOT}/Target Support Files/Pods-ios_test_shturkhal/Pods-ios_test_shturkhal-frameworks-${CONFIGURATION}-output-files.xcfilelist",
			);
			runOnlyForDeploymentPostprocessing = 0;
			shellPath = /bin/sh;
			shellScript = "\"${PODS_ROOT}/Target Support Files/Pods-ios_test_shturkhal/Pods-ios_test_shturkhal-frameworks.sh\"\n";
			showEnvVarsInLog = 0;
		};
/* End PBXShellScriptBuildPhase section */

/* Begin PBXSourcesBuildPhase section */
		7BEAFDD72C149CFE006C9B5D /* Sources */ = {
			isa = PBXSourcesBuildPhase;
			buildActionMask = 2147483647;
			files = (
				7BEAFDE82C149D00006C9B5D /* Persistence.swift in Sources */,
				7BEAFDE12C149CFE006C9B5D /* ContentView.swift in Sources */,
				7BEAFDEB2C149D00006C9B5D /* ios_test_shturkhal.xcdatamodeld in Sources */,
				7BEAFDDF2C149CFE006C9B5D /* ios_test_shturkhalApp.swift in Sources */,
			);
			runOnlyForDeploymentPostprocessing = 0;
		};
/* End PBXSourcesBuildPhase section */

/* Begin XCBuildConfiguration section */
		7BEAFDEC2C149D00006C9B5D /* Debug */ = {
			isa = XCBuildConfiguration;
			buildSettings = {
				ALWAYS_SEARCH_USER_PATHS = NO;
				ASSETCATALOG_COMPILER_GENERATE_SWIFT_ASSET_SYMBOL_EXTENSIONS = YES;
				CLANG_ANALYZER_NONNULL = YES;
				CLANG_ANALYZER_NUMBER_OBJECT_CONVERSION = YES_AGGRESSIVE;
				CLANG_CXX_LANGUAGE_STANDARD = "gnu++20";
				CLANG_ENABLE_MODULES = YES;
				CLANG_ENABLE_OBJC_ARC = YES;
				CLANG_ENABLE_OBJC_WEAK = YES;
				CLANG_WARN_BLOCK_CAPTURE_AUTORELEASING = YES;
				CLANG_WARN_BOOL_CONVERSION = YES;
				CLANG_WARN_COMMA = YES;
				CLANG_WARN_CONSTANT_CONVERSION = YES;
				CLANG_WARN_DEPRECATED_OBJC_IMPLEMENTATIONS = YES;
				CLANG_WARN_DIRECT_OBJC_ISA_USAGE = YES_ERROR;
				CLANG_WARN_DOCUMENTATION_COMMENTS = YES;
				CLANG_WARN_EMPTY_BODY = YES;
				CLANG_WARN_ENUM_CONVERSION = YES;
				CLANG_WARN_INFINITE_RECURSION = YES;
				CLANG_WARN_INT_CONVERSION = YES;
				CLANG_WARN_NON_LITERAL_NULL_CONVERSION = YES;
				CLANG_WARN_OBJC_IMPLICIT_RETAIN_SELF = YES;
				CLANG_WARN_OBJC_LITERAL_CONVERSION = YES;
				CLANG_WARN_OBJC_ROOT_CLASS = YES_ERROR;
				CLANG_WARN_QUOTED_INCLUDE_IN_FRAMEWORK_HEADER = YES;
				CLANG_WARN_RANGE_LOOP_ANALYSIS = YES;
				CLANG_WARN_STRICT_PROTOTYPES = YES;
				CLANG_WARN_SUSPICIOUS_MOVE = YES;
				CLANG_WARN_UNGUARDED_AVAILABILITY = YES_AGGRESSIVE;
				CLANG_WARN_UNREACHABLE_CODE = YES;
				CLANG_WARN__DUPLICATE_METHOD_MATCH = YES;
				COPY_PHASE_STRIP = NO;
				DEBUG_INFORMATION_FORMAT = dwarf;
				ENABLE_STRICT_OBJC_MSGSEND = YES;
				ENABLE_TESTABILITY = YES;
				ENABLE_USER_SCRIPT_SANDBOXING = YES;
				GCC_C_LANGUAGE_STANDARD = gnu17;
				GCC_DYNAMIC_NO_PIC = NO;
				GCC_NO_COMMON_BLOCKS = YES;
				GCC_OPTIMIZATION_LEVEL = 0;
				GCC_PREPROCESSOR_DEFINITIONS = (
					"DEBUG=1",
					"$(inherited)",
				);
				GCC_WARN_64_TO_32_BIT_CONVERSION = YES;
				GCC_WARN_ABOUT_RETURN_TYPE = YES_ERROR;
				GCC_WARN_UNDECLARED_SELECTOR = YES;
				GCC_WARN_UNINITIALIZED_AUTOS = YES_AGGRESSIVE;
				GCC_WARN_UNUSED_FUNCTION = YES;
				GCC_WARN_UNUSED_VARIABLE = YES;
				IPHONEOS_DEPLOYMENT_TARGET = 17.5;
				LOCALIZATION_PREFERS_STRING_CATALOGS = YES;
				MTL_ENABLE_DEBUG_INFO = INCLUDE_SOURCE;
				MTL_FAST_MATH = YES;
				ONLY_ACTIVE_ARCH = YES;
				SDKROOT = iphoneos;
				SWIFT_ACTIVE_COMPILATION_CONDITIONS = "DEBUG $(inherited)";
				SWIFT_OPTIMIZATION_LEVEL = "-Onone";
			};
			name = Debug;
		};
		7BEAFDED2C149D00006C9B5D /* Release */ = {
			isa = XCBuildConfiguration;
			buildSettings = {
				ALWAYS_SEARCH_USER_PATHS = NO;
				ASSETCATALOG_COMPILER_GENERATE_SWIFT_ASSET_SYMBOL_EXTENSIONS = YES;
				CLANG_ANALYZER_NONNULL = YES;
				CLANG_ANALYZER_NUMBER_OBJECT_CONVERSION = YES_AGGRESSIVE;
				CLANG_CXX_LANGUAGE_STANDARD = "gnu++20";
				CLANG_ENABLE_MODULES = YES;
				CLANG_ENABLE_OBJC_ARC = YES;
				CLANG_ENABLE_OBJC_WEAK = YES;
				CLANG_WARN_BLOCK_CAPTURE_AUTORELEASING = YES;
				CLANG_WARN_BOOL_CONVERSION = YES;
				CLANG_WARN_COMMA = YES;
				CLANG_WARN_CONSTANT_CONVERSION = YES;
				CLANG_WARN_DEPRECATED_OBJC_IMPLEMENTATIONS = YES;
				CLANG_WARN_DIRECT_OBJC_ISA_USAGE = YES_ERROR;
				CLANG_WARN_DOCUMENTATION_COMMENTS = YES;
				CLANG_WARN_EMPTY_BODY = YES;
				CLANG_WARN_ENUM_CONVERSION = YES;
				CLANG_WARN_INFINITE_RECURSION = YES;
				CLANG_WARN_INT_CONVERSION = YES;
				CLANG_WARN_NON_LITERAL_NULL_CONVERSION = YES;
				CLANG_WARN_OBJC_IMPLICIT_RETAIN_SELF = YES;
				CLANG_WARN_OBJC_LITERAL_CONVERSION = YES;
				CLANG_WARN_OBJC_ROOT_CLASS = YES_ERROR;
				CLANG_WARN_QUOTED_INCLUDE_IN_FRAMEWORK_HEADER = YES;
				CLANG_WARN_RANGE_LOOP_ANALYSIS = YES;
				CLANG_WARN_STRICT_PROTOTYPES = YES;
				CLANG_WARN_SUSPICIOUS_MOVE = YES;
				CLANG_WARN_UNGUARDED_AVAILABILITY = YES_AGGRESSIVE;
				CLANG_WARN_UNREACHABLE_CODE = YES;
				CLANG_WARN__DUPLICATE_METHOD_MATCH = YES;
				COPY_PHASE_STRIP = NO;
				DEBUG_INFORMATION_FORMAT = "dwarf-with-dsym";
				ENABLE_NS_ASSERTIONS = NO;
				ENABLE_STRICT_OBJC_MSGSEND = YES;
				ENABLE_USER_SCRIPT_SANDBOXING = YES;
				GCC_C_LANGUAGE_STANDARD = gnu17;
				GCC_NO_COMMON_BLOCKS = YES;
				GCC_WARN_64_TO_32_BIT_CONVERSION = YES;
				GCC_WARN_ABOUT_RETURN_TYPE = YES_ERROR;
				GCC_WARN_UNDECLARED_SELECTOR = YES;
				GCC_WARN_UNINITIALIZED_AUTOS = YES_AGGRESSIVE;
				GCC_WARN_UNUSED_FUNCTION = YES;
				GCC_WARN_UNUSED_VARIABLE = YES;
				IPHONEOS_DEPLOYMENT_TARGET = 17.5;
				LOCALIZATION_PREFERS_STRING_CATALOGS = YES;
				MTL_ENABLE_DEBUG_INFO = NO;
				MTL_FAST_MATH = YES;
				SDKROOT = iphoneos;
				SWIFT_COMPILATION_MODE = wholemodule;
				VALIDATE_PRODUCT = YES;
			};
			name = Release;
		};
		7BEAFDEF2C149D00006C9B5D /* Debug */ = {
			isa = XCBuildConfiguration;
			baseConfigurationReference = 94E997EE2CAEB51F002F4E1B /* Pods-ios_test_shturkhal.debug.xcconfig */;
			buildSettings = {
				ASSETCATALOG_COMPILER_APPICON_NAME = AppIcon;
				ASSETCATALOG_COMPILER_GLOBAL_ACCENT_COLOR_NAME = AccentColor;
				CODE_SIGN_STYLE = Automatic;
				CURRENT_PROJECT_VERSION = 1;
				DEVELOPMENT_ASSET_PATHS = "\"ios_test_shturkhal/Preview Content\"";
				DEVELOPMENT_TEAM = JKPT735J88;
				ENABLE_PREVIEWS = YES;
				GENERATE_INFOPLIST_FILE = YES;
				INFOPLIST_KEY_UIApplicationSceneManifest_Generation = YES;
				INFOPLIST_KEY_UIApplicationSupportsIndirectInputEvents = YES;
				INFOPLIST_KEY_UILaunchScreen_Generation = YES;
				INFOPLIST_KEY_UISupportedInterfaceOrientations_iPad = "UIInterfaceOrientationPortrait UIInterfaceOrientationPortraitUpsideDown UIInterfaceOrientationLandscapeLeft UIInterfaceOrientationLandscapeRight";
				INFOPLIST_KEY_UISupportedInterfaceOrientations_iPhone = "UIInterfaceOrientationPortrait UIInterfaceOrientationLandscapeLeft UIInterfaceOrientationLandscapeRight";
				IPHONEOS_DEPLOYMENT_TARGET = 15.0;
				LD_RUNPATH_SEARCH_PATHS = (
					"$(inherited)",
					"@executable_path/Frameworks",
				);
				MARKETING_VERSION = 1.0;
				PRODUCT_BUNDLE_IDENTIFIER = "shturkhal.ios-test-shturkhal";
				PRODUCT_NAME = "$(TARGET_NAME)";
				SWIFT_EMIT_LOC_STRINGS = YES;
				SWIFT_VERSION = 5.0;
				TARGETED_DEVICE_FAMILY = "1,2";
			};
			name = Debug;
		};
		7BEAFDF02C149D00006C9B5D /* Release */ = {
			isa = XCBuildConfiguration;
			baseConfigurationReference = 7284E4CC5A6E7254B82D4B4A /* Pods-ios_test_shturkhal.release.xcconfig */;
			buildSettings = {
				ASSETCATALOG_COMPILER_APPICON_NAME = AppIcon;
				ASSETCATALOG_COMPILER_GLOBAL_ACCENT_COLOR_NAME = AccentColor;
				CODE_SIGN_STYLE = Automatic;
				CURRENT_PROJECT_VERSION = 1;
				DEVELOPMENT_ASSET_PATHS = "\"ios_test_shturkhal/Preview Content\"";
				DEVELOPMENT_TEAM = JKPT735J88;
				ENABLE_PREVIEWS = YES;
				GENERATE_INFOPLIST_FILE = YES;
				INFOPLIST_KEY_UIApplicationSceneManifest_Generation = YES;
				INFOPLIST_KEY_UIApplicationSupportsIndirectInputEvents = YES;
				INFOPLIST_KEY_UILaunchScreen_Generation = YES;
				INFOPLIST_KEY_UISupportedInterfaceOrientations_iPad = "UIInterfaceOrientationPortrait UIInterfaceOrientationPortraitUpsideDown UIInterfaceOrientationLandscapeLeft UIInterfaceOrientationLandscapeRight";
				INFOPLIST_KEY_UISupportedInterfaceOrientations_iPhone = "UIInterfaceOrientationPortrait UIInterfaceOrientationLandscapeLeft UIInterfaceOrientationLandscapeRight";
				IPHONEOS_DEPLOYMENT_TARGET = 15.0;
				LD_RUNPATH_SEARCH_PATHS = (
					"$(inherited)",
					"@executable_path/Frameworks",
				);
				MARKETING_VERSION = 1.0;
				PRODUCT_BUNDLE_IDENTIFIER = "shturkhal.ios-test-shturkhal";
				PRODUCT_NAME = "$(TARGET_NAME)";
				SWIFT_EMIT_LOC_STRINGS = YES;
				SWIFT_VERSION = 5.0;
				TARGETED_DEVICE_FAMILY = "1,2";
			};
			name = Release;
		};
/* End XCBuildConfiguration section */

/* Begin XCConfigurationList section */
		7BEAFDD62C149CFE006C9B5D /* Build configuration list for PBXProject "ios_test_shturkhal" */ = {
			isa = XCConfigurationList;
			buildConfigurations = (
				7BEAFDEC2C149D00006C9B5D /* Debug */,
				7BEAFDED2C149D00006C9B5D /* Release */,
			);
			defaultConfigurationIsVisible = 0;
			defaultConfigurationName = Release;
		};
		7BEAFDEE2C149D00006C9B5D /* Build configuration list for PBXNativeTarget "ios_test_shturkhal" */ = {
			isa = XCConfigurationList;
			buildConfigurations = (
				7BEAFDEF2C149D00006C9B5D /* Debug */,
				7BEAFDF02C149D00006C9B5D /* Release */,
			);
			defaultConfigurationIsVisible = 0;
			defaultConfigurationName = Release;
		};
/* End XCConfigurationList section */

/* Begin XCVersionGroup section */
		7BEAFDE92C149D00006C9B5D /* ios_test_shturkhal.xcdatamodeld */ = {
			isa = XCVersionGroup;
			children = (
				7BEAFDEA2C149D00006C9B5D /* ios_test_shturkhal.xcdatamodel */,
			);
			currentVersion = 7BEAFDEA2C149D00006C9B5D /* ios_test_shturkhal.xcdatamodel */;
			path = ios_test_shturkhal.xcdatamodeld;
			sourceTree = "<group>";
			versionGroupType = wrapper.xcdatamodel;
		};
/* End XCVersionGroup section */
	};
	rootObject = 7BEAFDD32C149CFE006C9B5D /* Project object */;
}
